{
    "name": "fql",
    "version": "0.1.0",
    "lockfileVersion": 2,
    "requires": true,
    "packages": {
        "": {
            "name": "fql",
            "version": "0.1.0",
            "dependencies": {
                "@types/vscode": "^1.59.0",
                "child_process": "^1.0.2"
            },
            "devDependencies": {
                "@types/node": "^16.7.1"
            },
            "engines": {
                "vscode": "^1.55.0"
            }
        },
        "node_modules/@types/node": {
            "version": "16.7.1",
            "resolved": "https://registry.npmjs.org/@types/node/-/node-16.7.1.tgz",
            "integrity": "sha512-ncRdc45SoYJ2H4eWU9ReDfp3vtFqDYhjOsKlFFUDEn8V1Bgr2RjYal8YT5byfadWIRluhPFU6JiDOl0H6Sl87A==",
            "dev": true
        },
        "node_modules/@types/vscode": {
            "version": "1.59.0",
            "resolved": "https://registry.npmjs.org/@types/vscode/-/vscode-1.59.0.tgz",
            "integrity": "sha512-Zg38rusx2nU6gy6QdF7v4iqgxNfxzlBlDhrRCjOiPQp+sfaNrp3f9J6OHIhpGNN1oOAca4+9Hq0+8u3jwzPMlQ=="
        },
        "node_modules/child_process": {
            "version": "1.0.2",
            "resolved": "https://registry.npmjs.org/child_process/-/child_process-1.0.2.tgz",
            "integrity": "sha1-sffn/HPSXn/R1FWtyU4UODAYK1o="
        }
    },
    "dependencies": {
        "@types/node": {
            "version": "16.7.1",
            "resolved": "https://registry.npmjs.org/@types/node/-/node-16.7.1.tgz",
            "integrity": "sha512-ncRdc45SoYJ2H4eWU9ReDfp3vtFqDYhjOsKlFFUDEn8V1Bgr2RjYal8YT5byfadWIRluhPFU6JiDOl0H6Sl87A==",
            "dev": true
        },
        "@types/vscode": {
            "version": "1.59.0",
            "resolved": "https://registry.npmjs.org/@types/vscode/-/vscode-1.59.0.tgz",
            "integrity": "sha512-Zg38rusx2nU6gy6QdF7v4iqgxNfxzlBlDhrRCjOiPQp+sfaNrp3f9J6OHIhpGNN1oOAca4+9Hq0+8u3jwzPMlQ=="
        },
        "child_process": {
            "version": "1.0.2",
            "resolved": "https://registry.npmjs.org/child_process/-/child_process-1.0.2.tgz",
            "integrity": "sha1-sffn/HPSXn/R1FWtyU4UODAYK1o="
        }
    }
}
